
Microsoft Visual Studio Solution File, Format Version 12.00
# Visual Studio Version 16
VisualStudioVersion = 16.0.30320.27
MinimumVisualStudioVersion = 10.0.40219.1
Project("{9A19103F-16F7-4668-BE54-9A1E7A4F7556}") = "CC_ClientWebApp", "ClientWebApp\CC_ClientWebApp.csproj", "{7A0CDB91-F52D-43F1-A00F-152CA533C28B}"
EndProject
Project("{2150E333-8FDC-42A3-9474-1A3956D46DE8}") = "Microservices", "Microservices", "{1E7A75C1-BC3B-463A-BF63-A02831F135E0}"
EndProject
Project("{9A19103F-16F7-4668-BE54-9A1E7A4F7556}") = "CC_Microservice1", "Microservice1\CC_Microservice1.csproj", "{AD0323C1-B221-4DFD-AD61-EC9D337FDE6A}"
EndProject
Project("{9A19103F-16F7-4668-BE54-9A1E7A4F7556}") = "CC_Microservice2", "Microservice2\CC_Microservice2.csproj", "{E91D6D9C-55EF-4581-8B16-A6D6A88B9C88}"
EndProject
Project("{9A19103F-16F7-4668-BE54-9A1E7A4F7556}") = "CC_AuthService", "AuthService\CC_AuthService.csproj", "{1716E8E0-46F4-48F5-AE09-639E8B1F860F}"
EndProject
Project("{2150E333-8FDC-42A3-9474-1A3956D46DE8}") = "ClientCredsFlow", "ClientCredsFlow", "{AF82A859-6511-4ECC-8C84-0B37DC4DE284}"
EndProject
Project("{2150E333-8FDC-42A3-9474-1A3956D46DE8}") = "AuthCodeFlow", "AuthCodeFlow", "{1EE2E356-40A0-404B-AF02-C454E7AF5DF4}"
EndProject
Project("{9A19103F-16F7-4668-BE54-9A1E7A4F7556}") = "AC_AuthService", "AuthorizationCode\AC_AuthService\AC_AuthService.csproj", "{5DA5583C-563B-4E31-ACF5-6B837D76B030}"
EndProject
Project("{9A19103F-16F7-4668-BE54-9A1E7A4F7556}") = "AC_ClientWebApp", "AuthorizationCode\AC_ClientWebApp\AC_ClientWebApp.csproj", "{758498D7-5A3A-4189-B888-C2A951AF85BC}"
EndProject
Project("{9A19103F-16F7-4668-BE54-9A1E7A4F7556}") = "AC_Microservice1", "AuthorizationCode\AC_Microservice1\AC_Microservice1.csproj", "{DFA2603E-FAE9-4EF9-9B94-2249AA4472F8}"
EndProject
Project("{9A19103F-16F7-4668-BE54-9A1E7A4F7556}") = "AC_Microservice2", "AuthorizationCode\AC_Microservice2\AC_Microservice2.csproj", "{BFA672E9-0BAB-4D14-A610-8978C9C4A547}"
EndProject
Project("{2150E333-8FDC-42A3-9474-1A3956D46DE8}") = "Microservices", "Microservices", "{B4B2F8EC-E4C7-4EC1-9FA1-EFB2848D2BA3}"
EndProject
Global
	GlobalSection(SolutionConfigurationPlatforms) = preSolution
		Debug|Any CPU = Debug|Any CPU
		Release|Any CPU = Release|Any CPU
	EndGlobalSection
	GlobalSection(ProjectConfigurationPlatforms) = postSolution
		{7A0CDB91-F52D-43F1-A00F-152CA533C28B}.Debug|Any CPU.ActiveCfg = Debug|Any CPU
		{7A0CDB91-F52D-43F1-A00F-152CA533C28B}.Debug|Any CPU.Build.0 = Debug|Any CPU
		{7A0CDB91-F52D-43F1-A00F-152CA533C28B}.Release|Any CPU.ActiveCfg = Release|Any CPU
		{7A0CDB91-F52D-43F1-A00F-152CA533C28B}.Release|Any CPU.Build.0 = Release|Any CPU
		{AD0323C1-B221-4DFD-AD61-EC9D337FDE6A}.Debug|Any CPU.ActiveCfg = Debug|Any CPU
		{AD0323C1-B221-4DFD-AD61-EC9D337FDE6A}.Debug|Any CPU.Build.0 = Debug|Any CPU
		{AD0323C1-B221-4DFD-AD61-EC9D337FDE6A}.Release|Any CPU.ActiveCfg = Release|Any CPU
		{AD0323C1-B221-4DFD-AD61-EC9D337FDE6A}.Release|Any CPU.Build.0 = Release|Any CPU
		{E91D6D9C-55EF-4581-8B16-A6D6A88B9C88}.Debug|Any CPU.ActiveCfg = Debug|Any CPU
		{E91D6D9C-55EF-4581-8B16-A6D6A88B9C88}.Debug|Any CPU.Build.0 = Debug|Any CPU
		{E91D6D9C-55EF-4581-8B16-A6D6A88B9C88}.Release|Any CPU.ActiveCfg = Release|Any CPU
		{E91D6D9C-55EF-4581-8B16-A6D6A88B9C88}.Release|Any CPU.Build.0 = Release|Any CPU
		{1716E8E0-46F4-48F5-AE09-639E8B1F860F}.Debug|Any CPU.ActiveCfg = Debug|Any CPU
		{1716E8E0-46F4-48F5-AE09-639E8B1F860F}.Debug|Any CPU.Build.0 = Debug|Any CPU
		{1716E8E0-46F4-48F5-AE09-639E8B1F860F}.Release|Any CPU.ActiveCfg = Release|Any CPU
		{1716E8E0-46F4-48F5-AE09-639E8B1F860F}.Release|Any CPU.Build.0 = Release|Any CPU
		{5DA5583C-563B-4E31-ACF5-6B837D76B030}.Debug|Any CPU.ActiveCfg = Debug|Any CPU
		{5DA5583C-563B-4E31-ACF5-6B837D76B030}.Debug|Any CPU.Build.0 = Debug|Any CPU
		{5DA5583C-563B-4E31-ACF5-6B837D76B030}.Release|Any CPU.ActiveCfg = Release|Any CPU
		{5DA5583C-563B-4E31-ACF5-6B837D76B030}.Release|Any CPU.Build.0 = Release|Any CPU
		{758498D7-5A3A-4189-B888-C2A951AF85BC}.Debug|Any CPU.ActiveCfg = Debug|Any CPU
		{758498D7-5A3A-4189-B888-C2A951AF85BC}.Debug|Any CPU.Build.0 = Debug|Any CPU
		{758498D7-5A3A-4189-B888-C2A951AF85BC}.Release|Any CPU.ActiveCfg = Release|Any CPU
		{758498D7-5A3A-4189-B888-C2A951AF85BC}.Release|Any CPU.Build.0 = Release|Any CPU
		{DFA2603E-FAE9-4EF9-9B94-2249AA4472F8}.Debug|Any CPU.ActiveCfg = Debug|Any CPU
		{DFA2603E-FAE9-4EF9-9B94-2249AA4472F8}.Debug|Any CPU.Build.0 = Debug|Any CPU
		{DFA2603E-FAE9-4EF9-9B94-2249AA4472F8}.Release|Any CPU.ActiveCfg = Release|Any CPU
		{DFA2603E-FAE9-4EF9-9B94-2249AA4472F8}.Release|Any CPU.Build.0 = Release|Any CPU
		{BFA672E9-0BAB-4D14-A610-8978C9C4A547}.Debug|Any CPU.ActiveCfg = Debug|Any CPU
		{BFA672E9-0BAB-4D14-A610-8978C9C4A547}.Debug|Any CPU.Build.0 = Debug|Any CPU
		{BFA672E9-0BAB-4D14-A610-8978C9C4A547}.Release|Any CPU.ActiveCfg = Release|Any CPU
		{BFA672E9-0BAB-4D14-A610-8978C9C4A547}.Release|Any CPU.Build.0 = Release|Any CPU
	EndGlobalSection
	GlobalSection(SolutionProperties) = preSolution
		HideSolutionNode = FALSE
	EndGlobalSection
	GlobalSection(NestedProjects) = preSolution
		{7A0CDB91-F52D-43F1-A00F-152CA533C28B} = {AF82A859-6511-4ECC-8C84-0B37DC4DE284}
		{1E7A75C1-BC3B-463A-BF63-A02831F135E0} = {AF82A859-6511-4ECC-8C84-0B37DC4DE284}
		{AD0323C1-B221-4DFD-AD61-EC9D337FDE6A} = {1E7A75C1-BC3B-463A-BF63-A02831F135E0}
		{E91D6D9C-55EF-4581-8B16-A6D6A88B9C88} = {1E7A75C1-BC3B-463A-BF63-A02831F135E0}
		{1716E8E0-46F4-48F5-AE09-639E8B1F860F} = {AF82A859-6511-4ECC-8C84-0B37DC4DE284}
		{5DA5583C-563B-4E31-ACF5-6B837D76B030} = {1EE2E356-40A0-404B-AF02-C454E7AF5DF4}
		{758498D7-5A3A-4189-B888-C2A951AF85BC} = {1EE2E356-40A0-404B-AF02-C454E7AF5DF4}
		{DFA2603E-FAE9-4EF9-9B94-2249AA4472F8} = {B4B2F8EC-E4C7-4EC1-9FA1-EFB2848D2BA3}
		{BFA672E9-0BAB-4D14-A610-8978C9C4A547} = {B4B2F8EC-E4C7-4EC1-9FA1-EFB2848D2BA3}
		{B4B2F8EC-E4C7-4EC1-9FA1-EFB2848D2BA3} = {1EE2E356-40A0-404B-AF02-C454E7AF5DF4}
	EndGlobalSection
	GlobalSection(ExtensibilityGlobals) = postSolution
		SolutionGuid = {62CC552E-A181-43CA-835B-48625296D3FC}
	EndGlobalSection
EndGlobal
